
Microsoft Visual Studio Solution File, Format Version 12.00
# Visual Studio Version 16
VisualStudioVersion = 16.0.810.21
MinimumVisualStudioVersion = 10.0.40219.1
Project("{FAE04EC0-301F-11D3-BF4B-00C04F79EFBC}") = "TravelRecordApp.Android", "TravelRecordApp.Android\TravelRecordApp.Android.csproj", "{968BF74F-26B5-44E9-AA35-A844D17AE648}"
EndProject
Project("{FAE04EC0-301F-11D3-BF4B-00C04F79EFBC}") = "TravelRecordApp.iOS", "TravelRecordApp.iOS\TravelRecordApp.iOS.csproj", "{5408A090-74AA-4578-8286-8B13FF6A7288}"
EndProject
Project("{FAE04EC0-301F-11D3-BF4B-00C04F79EFBC}") = "TravelRecordApp", "TravelRecordApp\TravelRecordApp.csproj", "{2F507708-BFF2-4AE0-9DC2-B57770917100}"
EndProject
Global
	GlobalSection(SolutionConfigurationPlatforms) = preSolution
		Debug|Any CPU = Debug|Any CPU
		Release|Any CPU = Release|Any CPU
		Debug|iPhoneSimulator = Debug|iPhoneSimulator
		Release|iPhoneSimulator = Release|iPhoneSimulator
		Debug|iPhone = Debug|iPhone
		Release|iPhone = Release|iPhone
	EndGlobalSection
	GlobalSection(ProjectConfigurationPlatforms) = postSolution
		{968BF74F-26B5-44E9-AA35-A844D17AE648}.Debug|Any CPU.ActiveCfg = Debug|Any CPU
		{968BF74F-26B5-44E9-AA35-A844D17AE648}.Debug|Any CPU.Build.0 = Debug|Any CPU
		{968BF74F-26B5-44E9-AA35-A844D17AE648}.Release|Any CPU.ActiveCfg = Release|Any CPU
		{968BF74F-26B5-44E9-AA35-A844D17AE648}.Release|Any CPU.Build.0 = Release|Any CPU
		{968BF74F-26B5-44E9-AA35-A844D17AE648}.Debug|iPhoneSimulator.ActiveCfg = Debug|Any CPU
		{968BF74F-26B5-44E9-AA35-A844D17AE648}.Debug|iPhoneSimulator.Build.0 = Debug|Any CPU
		{968BF74F-26B5-44E9-AA35-A844D17AE648}.Release|iPhoneSimulator.ActiveCfg = Release|Any CPU
		{968BF74F-26B5-44E9-AA35-A844D17AE648}.Release|iPhoneSimulator.Build.0 = Release|Any CPU
		{968BF74F-26B5-44E9-AA35-A844D17AE648}.Debug|iPhone.ActiveCfg = Debug|Any CPU
		{968BF74F-26B5-44E9-AA35-A844D17AE648}.Debug|iPhone.Build.0 = Debug|Any CPU
		{968BF74F-26B5-44E9-AA35-A844D17AE648}.Release|iPhone.ActiveCfg = Release|Any CPU
		{968BF74F-26B5-44E9-AA35-A844D17AE648}.Release|iPhone.Build.0 = Release|Any CPU
		{5408A090-74AA-4578-8286-8B13FF6A7288}.Debug|Any CPU.ActiveCfg = Debug|iPhoneSimulator
		{5408A090-74AA-4578-8286-8B13FF6A7288}.Debug|Any CPU.Build.0 = Debug|iPhoneSimulator
		{5408A090-74AA-4578-8286-8B13FF6A7288}.Release|Any CPU.ActiveCfg = Release|iPhoneSimulator
		{5408A090-74AA-4578-8286-8B13FF6A7288}.Release|Any CPU.Build.0 = Release|iPhoneSimulator
		{5408A090-74AA-4578-8286-8B13FF6A7288}.Debug|iPhoneSimulator.ActiveCfg = Debug|iPhoneSimulator
		{5408A090-74AA-4578-8286-8B13FF6A7288}.Debug|iPhoneSimulator.Build.0 = Debug|iPhoneSimulator
		{5408A090-74AA-4578-8286-8B13FF6A7288}.Release|iPhoneSimulator.ActiveCfg = Release|iPhoneSimulator
		{5408A090-74AA-4578-8286-8B13FF6A7288}.Release|iPhoneSimulator.Build.0 = Release|iPhoneSimulator
		{5408A090-74AA-4578-8286-8B13FF6A7288}.Debug|iPhone.ActiveCfg = Debug|iPhone
		{5408A090-74AA-4578-8286-8B13FF6A7288}.Debug|iPhone.Build.0 = Debug|iPhone
		{5408A090-74AA-4578-8286-8B13FF6A7288}.Release|iPhone.ActiveCfg = Release|iPhone
		{5408A090-74AA-4578-8286-8B13FF6A7288}.Release|iPhone.Build.0 = Release|iPhone
		{2F507708-BFF2-4AE0-9DC2-B57770917100}.Debug|Any CPU.ActiveCfg = Debug|Any CPU
		{2F507708-BFF2-4AE0-9DC2-B57770917100}.Debug|Any CPU.Build.0 = Debug|Any CPU
		{2F507708-BFF2-4AE0-9DC2-B57770917100}.Release|Any CPU.ActiveCfg = Release|Any CPU
		{2F507708-BFF2-4AE0-9DC2-B57770917100}.Release|Any CPU.Build.0 = Release|Any CPU
		{2F507708-BFF2-4AE0-9DC2-B57770917100}.Debug|iPhoneSimulator.ActiveCfg = Debug|Any CPU
		{2F507708-BFF2-4AE0-9DC2-B57770917100}.Debug|iPhoneSimulator.Build.0 = Debug|Any CPU
		{2F507708-BFF2-4AE0-9DC2-B57770917100}.Release|iPhoneSimulator.ActiveCfg = Release|Any CPU
		{2F507708-BFF2-4AE0-9DC2-B57770917100}.Release|iPhoneSimulator.Build.0 = Release|Any CPU
		{2F507708-BFF2-4AE0-9DC2-B57770917100}.Debug|iPhone.ActiveCfg = Debug|Any CPU
		{2F507708-BFF2-4AE0-9DC2-B57770917100}.Debug|iPhone.Build.0 = Debug|Any CPU
		{2F507708-BFF2-4AE0-9DC2-B57770917100}.Release|iPhone.ActiveCfg = Release|Any CPU
		{2F507708-BFF2-4AE0-9DC2-B57770917100}.Release|iPhone.Build.0 = Release|Any CPU
	EndGlobalSection
	GlobalSection(SolutionProperties) = preSolution
		HideSolutionNode = FALSE
	EndGlobalSection
	GlobalSection(ExtensibilityGlobals) = postSolution
		SolutionGuid = {E0FC9138-4E1A-4FDA-827A-EA1337E05BBB}
	EndGlobalSection
EndGlobal
